
Microsoft Visual Studio Solution File, Format Version 12.00
# Visual Studio Version 17
VisualStudioVersion = 17.5.002.0
MinimumVisualStudioVersion = 10.0.40219.1
Project("{9A19103F-16F7-4668-BE54-9A1E7A4F7556}") = "WebHelloWorld", "WebHelloWorld.csproj", "{B2989608-5733-4982-9133-23E9A0E748F9}"
EndProject
Global
	GlobalSection(SolutionConfigurationPlatforms) = preSolution
		Debug|Any CPU = Debug|Any CPU
		Release|Any CPU = Release|Any CPU
	EndGlobalSection
	GlobalSection(ProjectConfigurationPlatforms) = postSolution
		{B2989608-5733-4982-9133-23E9A0E748F9}.Debug|Any CPU.ActiveCfg = Debug|Any CPU
		{B2989608-5733-4982-9133-23E9A0E748F9}.Debug|Any CPU.Build.0 = Debug|Any CPU
		{B2989608-5733-4982-9133-23E9A0E748F9}.Release|Any CPU.ActiveCfg = Release|Any CPU
		{B2989608-5733-4982-9133-23E9A0E748F9}.Release|Any CPU.Build.0 = Release|Any CPU
	EndGlobalSection
	GlobalSection(SolutionProperties) = preSolution
		HideSolutionNode = FALSE
	EndGlobalSection
	GlobalSection(ExtensibilityGlobals) = postSolution
		SolutionGuid = {57229175-2271-4FFE-9CF7-956629CB7DFB}
	EndGlobalSection
EndGlobal
